
Microsoft Visual Studio Solution File, Format Version 12.00
# Visual Studio Version 16
VisualStudioVersion = 16.0.30011.22
MinimumVisualStudioVersion = 10.0.40219.1
Project("{FAE04EC0-301F-11D3-BF4B-00C04F79EFBC}") = "TP-QR-Paper2-5-29-2020", "TP-QR-Paper2-5-29-2020.csproj", "{4E789606-5E3E-4007-9F9C-59CEFD36393A}"
EndProject
Global
	GlobalSection(SolutionConfigurationPlatforms) = preSolution
		Debug|Any CPU = Debug|Any CPU
		Release|Any CPU = Release|Any CPU
	EndGlobalSection
	GlobalSection(ProjectConfigurationPlatforms) = postSolution
		{4E789606-5E3E-4007-9F9C-59CEFD36393A}.Debug|Any CPU.ActiveCfg = Debug|Any CPU
		{4E789606-5E3E-4007-9F9C-59CEFD36393A}.Debug|Any CPU.Build.0 = Debug|Any CPU
		{4E789606-5E3E-4007-9F9C-59CEFD36393A}.Release|Any CPU.ActiveCfg = Release|Any CPU
		{4E789606-5E3E-4007-9F9C-59CEFD36393A}.Release|Any CPU.Build.0 = Release|Any CPU
	EndGlobalSection
	GlobalSection(SolutionProperties) = preSolution
		HideSolutionNode = FALSE
	EndGlobalSection
	GlobalSection(ExtensibilityGlobals) = postSolution
		SolutionGuid = {1235625C-596E-417E-9A2E-9BFE92A22BF7}
	EndGlobalSection
EndGlobal
