
Microsoft Visual Studio Solution File, Format Version 12.00
# Visual Studio Version 16
VisualStudioVersion = 16.0.32630.194
MinimumVisualStudioVersion = 10.0.40219.1
Project("{9A19103F-16F7-4668-BE54-9A1E7A4F7556}") = "TPQR_Session1_01082022_BlazorWeb", "TPQR_Session1_01082022_BlazorWeb\TPQR_Session1_01082022_BlazorWeb.csproj", "{0721073B-F953-452E-AA5D-B21A9030E1E7}"
EndProject
Global
	GlobalSection(SolutionConfigurationPlatforms) = preSolution
		Debug|Any CPU = Debug|Any CPU
		Release|Any CPU = Release|Any CPU
	EndGlobalSection
	GlobalSection(ProjectConfigurationPlatforms) = postSolution
		{0721073B-F953-452E-AA5D-B21A9030E1E7}.Debug|Any CPU.ActiveCfg = Debug|Any CPU
		{0721073B-F953-452E-AA5D-B21A9030E1E7}.Debug|Any CPU.Build.0 = Debug|Any CPU
		{0721073B-F953-452E-AA5D-B21A9030E1E7}.Release|Any CPU.ActiveCfg = Release|Any CPU
		{0721073B-F953-452E-AA5D-B21A9030E1E7}.Release|Any CPU.Build.0 = Release|Any CPU
	EndGlobalSection
	GlobalSection(SolutionProperties) = preSolution
		HideSolutionNode = FALSE
	EndGlobalSection
	GlobalSection(ExtensibilityGlobals) = postSolution
		SolutionGuid = {D837668E-857F-469F-B637-E50C26C5371B}
	EndGlobalSection
EndGlobal
