
Microsoft Visual Studio Solution File, Format Version 12.00
# Visual Studio Version 17
VisualStudioVersion = 17.2.32526.322
MinimumVisualStudioVersion = 10.0.40219.1
Project("{FAE04EC0-301F-11D3-BF4B-00C04F79EFBC}") = "TPQR2020_S1_08062022-Windows-NetFramework", "TPQR2020_S1_08062022-Windows-NetFramework.csproj", "{B3EDEB7B-1457-44FB-8471-4D1C3E151CDE}"
EndProject
Global
	GlobalSection(SolutionConfigurationPlatforms) = preSolution
		Debug|Any CPU = Debug|Any CPU
		Release|Any CPU = Release|Any CPU
	EndGlobalSection
	GlobalSection(ProjectConfigurationPlatforms) = postSolution
		{B3EDEB7B-1457-44FB-8471-4D1C3E151CDE}.Debug|Any CPU.ActiveCfg = Debug|Any CPU
		{B3EDEB7B-1457-44FB-8471-4D1C3E151CDE}.Debug|Any CPU.Build.0 = Debug|Any CPU
		{B3EDEB7B-1457-44FB-8471-4D1C3E151CDE}.Release|Any CPU.ActiveCfg = Release|Any CPU
		{B3EDEB7B-1457-44FB-8471-4D1C3E151CDE}.Release|Any CPU.Build.0 = Release|Any CPU
	EndGlobalSection
	GlobalSection(SolutionProperties) = preSolution
		HideSolutionNode = FALSE
	EndGlobalSection
	GlobalSection(ExtensibilityGlobals) = postSolution
		SolutionGuid = {7BA3C335-7266-4237-8FAA-32A8AD2FF0F4}
	EndGlobalSection
EndGlobal
