
Microsoft Visual Studio Solution File, Format Version 12.00
# Visual Studio Version 16
VisualStudioVersion = 16.0.30309.148
MinimumVisualStudioVersion = 10.0.40219.1
Project("{FAE04EC0-301F-11D3-BF4B-00C04F79EFBC}") = "MobileApp", "MobileApp.csproj", "{9F3EE30C-8104-4BE6-91A2-E9B7E5A16483}"
EndProject
Project("{FAE04EC0-301F-11D3-BF4B-00C04F79EFBC}") = "WebAPI", "..\WebAPI\WebAPI.csproj", "{04CBF95F-C766-4F7F-A6DB-C860DECCB0B6}"
EndProject
Global
	GlobalSection(SolutionConfigurationPlatforms) = preSolution
		Debug|Any CPU = Debug|Any CPU
		Release|Any CPU = Release|Any CPU
	EndGlobalSection
	GlobalSection(ProjectConfigurationPlatforms) = postSolution
		{9F3EE30C-8104-4BE6-91A2-E9B7E5A16483}.Debug|Any CPU.ActiveCfg = Debug|Any CPU
		{9F3EE30C-8104-4BE6-91A2-E9B7E5A16483}.Debug|Any CPU.Build.0 = Debug|Any CPU
		{9F3EE30C-8104-4BE6-91A2-E9B7E5A16483}.Debug|Any CPU.Deploy.0 = Debug|Any CPU
		{9F3EE30C-8104-4BE6-91A2-E9B7E5A16483}.Release|Any CPU.ActiveCfg = Release|Any CPU
		{9F3EE30C-8104-4BE6-91A2-E9B7E5A16483}.Release|Any CPU.Build.0 = Release|Any CPU
		{9F3EE30C-8104-4BE6-91A2-E9B7E5A16483}.Release|Any CPU.Deploy.0 = Release|Any CPU
		{04CBF95F-C766-4F7F-A6DB-C860DECCB0B6}.Debug|Any CPU.ActiveCfg = Debug|Any CPU
		{04CBF95F-C766-4F7F-A6DB-C860DECCB0B6}.Debug|Any CPU.Build.0 = Debug|Any CPU
		{04CBF95F-C766-4F7F-A6DB-C860DECCB0B6}.Release|Any CPU.ActiveCfg = Release|Any CPU
		{04CBF95F-C766-4F7F-A6DB-C860DECCB0B6}.Release|Any CPU.Build.0 = Release|Any CPU
	EndGlobalSection
	GlobalSection(SolutionProperties) = preSolution
		HideSolutionNode = FALSE
	EndGlobalSection
	GlobalSection(ExtensibilityGlobals) = postSolution
		SolutionGuid = {7DA339A3-D5EB-4EA5-890D-9EC45BC9F8B6}
	EndGlobalSection
EndGlobal
