
Microsoft Visual Studio Solution File, Format Version 12.00
# Visual Studio Version 16
VisualStudioVersion = 16.0.29905.134
MinimumVisualStudioVersion = 10.0.40219.1
Project("{FAE04EC0-301F-11D3-BF4B-00C04F79EFBC}") = "KazanSession1 17-03-2020 API", "KazanSession1 17-03-2020 API.csproj", "{510CE238-B349-4719-A62B-D02BF84D5385}"
EndProject
Global
	GlobalSection(SolutionConfigurationPlatforms) = preSolution
		Debug|Any CPU = Debug|Any CPU
		Release|Any CPU = Release|Any CPU
	EndGlobalSection
	GlobalSection(ProjectConfigurationPlatforms) = postSolution
		{510CE238-B349-4719-A62B-D02BF84D5385}.Debug|Any CPU.ActiveCfg = Debug|Any CPU
		{510CE238-B349-4719-A62B-D02BF84D5385}.Debug|Any CPU.Build.0 = Debug|Any CPU
		{510CE238-B349-4719-A62B-D02BF84D5385}.Release|Any CPU.ActiveCfg = Release|Any CPU
		{510CE238-B349-4719-A62B-D02BF84D5385}.Release|Any CPU.Build.0 = Release|Any CPU
	EndGlobalSection
	GlobalSection(SolutionProperties) = preSolution
		HideSolutionNode = FALSE
	EndGlobalSection
	GlobalSection(ExtensibilityGlobals) = postSolution
		SolutionGuid = {2587D80B-5F44-4DB5-BE5E-B9E43A82A2DB}
	EndGlobalSection
EndGlobal
