
Microsoft Visual Studio Solution File, Format Version 12.00
# Visual Studio Version 16
VisualStudioVersion = 16.0.29728.190
MinimumVisualStudioVersion = 10.0.40219.1
Project("{FAE04EC0-301F-11D3-BF4B-00C04F79EFBC}") = "QRSession1Xamarin.Android", "QRSession1Xamarin.Android\QRSession1Xamarin.Android.csproj", "{990BB347-54C3-49CF-AB8E-61C84B128B37}"
EndProject
Project("{FAE04EC0-301F-11D3-BF4B-00C04F79EFBC}") = "QRSession1Xamarin.iOS", "QRSession1Xamarin.iOS\QRSession1Xamarin.iOS.csproj", "{41AB416E-0A56-4A87-8AF8-FFBF7857AE7C}"
EndProject
Project("{FAE04EC0-301F-11D3-BF4B-00C04F79EFBC}") = "QRSession1Xamarin", "QRSession1Xamarin\QRSession1Xamarin.csproj", "{BD255E20-BE6E-4425-B210-D13EEBB2E4BB}"
EndProject
Global
	GlobalSection(SolutionConfigurationPlatforms) = preSolution
		Debug|Any CPU = Debug|Any CPU
		Debug|iPhone = Debug|iPhone
		Debug|iPhoneSimulator = Debug|iPhoneSimulator
		Release|Any CPU = Release|Any CPU
		Release|iPhone = Release|iPhone
		Release|iPhoneSimulator = Release|iPhoneSimulator
	EndGlobalSection
	GlobalSection(ProjectConfigurationPlatforms) = postSolution
		{990BB347-54C3-49CF-AB8E-61C84B128B37}.Debug|Any CPU.ActiveCfg = Debug|Any CPU
		{990BB347-54C3-49CF-AB8E-61C84B128B37}.Debug|Any CPU.Build.0 = Debug|Any CPU
		{990BB347-54C3-49CF-AB8E-61C84B128B37}.Debug|Any CPU.Deploy.0 = Debug|Any CPU
		{990BB347-54C3-49CF-AB8E-61C84B128B37}.Debug|iPhone.ActiveCfg = Debug|Any CPU
		{990BB347-54C3-49CF-AB8E-61C84B128B37}.Debug|iPhone.Build.0 = Debug|Any CPU
		{990BB347-54C3-49CF-AB8E-61C84B128B37}.Debug|iPhone.Deploy.0 = Debug|Any CPU
		{990BB347-54C3-49CF-AB8E-61C84B128B37}.Debug|iPhoneSimulator.ActiveCfg = Debug|Any CPU
		{990BB347-54C3-49CF-AB8E-61C84B128B37}.Debug|iPhoneSimulator.Build.0 = Debug|Any CPU
		{990BB347-54C3-49CF-AB8E-61C84B128B37}.Debug|iPhoneSimulator.Deploy.0 = Debug|Any CPU
		{990BB347-54C3-49CF-AB8E-61C84B128B37}.Release|Any CPU.ActiveCfg = Release|Any CPU
		{990BB347-54C3-49CF-AB8E-61C84B128B37}.Release|Any CPU.Build.0 = Release|Any CPU
		{990BB347-54C3-49CF-AB8E-61C84B128B37}.Release|Any CPU.Deploy.0 = Release|Any CPU
		{990BB347-54C3-49CF-AB8E-61C84B128B37}.Release|iPhone.ActiveCfg = Release|Any CPU
		{990BB347-54C3-49CF-AB8E-61C84B128B37}.Release|iPhone.Build.0 = Release|Any CPU
		{990BB347-54C3-49CF-AB8E-61C84B128B37}.Release|iPhone.Deploy.0 = Release|Any CPU
		{990BB347-54C3-49CF-AB8E-61C84B128B37}.Release|iPhoneSimulator.ActiveCfg = Release|Any CPU
		{990BB347-54C3-49CF-AB8E-61C84B128B37}.Release|iPhoneSimulator.Build.0 = Release|Any CPU
		{990BB347-54C3-49CF-AB8E-61C84B128B37}.Release|iPhoneSimulator.Deploy.0 = Release|Any CPU
		{41AB416E-0A56-4A87-8AF8-FFBF7857AE7C}.Debug|Any CPU.ActiveCfg = Debug|iPhoneSimulator
		{41AB416E-0A56-4A87-8AF8-FFBF7857AE7C}.Debug|Any CPU.Build.0 = Debug|iPhoneSimulator
		{41AB416E-0A56-4A87-8AF8-FFBF7857AE7C}.Debug|Any CPU.Deploy.0 = Debug|iPhoneSimulator
		{41AB416E-0A56-4A87-8AF8-FFBF7857AE7C}.Debug|iPhone.ActiveCfg = Debug|iPhone
		{41AB416E-0A56-4A87-8AF8-FFBF7857AE7C}.Debug|iPhone.Build.0 = Debug|iPhone
		{41AB416E-0A56-4A87-8AF8-FFBF7857AE7C}.Debug|iPhone.Deploy.0 = Debug|iPhone
		{41AB416E-0A56-4A87-8AF8-FFBF7857AE7C}.Debug|iPhoneSimulator.ActiveCfg = Debug|iPhoneSimulator
		{41AB416E-0A56-4A87-8AF8-FFBF7857AE7C}.Debug|iPhoneSimulator.Build.0 = Debug|iPhoneSimulator
		{41AB416E-0A56-4A87-8AF8-FFBF7857AE7C}.Debug|iPhoneSimulator.Deploy.0 = Debug|iPhoneSimulator
		{41AB416E-0A56-4A87-8AF8-FFBF7857AE7C}.Release|Any CPU.ActiveCfg = Release|iPhone
		{41AB416E-0A56-4A87-8AF8-FFBF7857AE7C}.Release|Any CPU.Build.0 = Release|iPhone
		{41AB416E-0A56-4A87-8AF8-FFBF7857AE7C}.Release|Any CPU.Deploy.0 = Release|iPhone
		{41AB416E-0A56-4A87-8AF8-FFBF7857AE7C}.Release|iPhone.ActiveCfg = Release|iPhone
		{41AB416E-0A56-4A87-8AF8-FFBF7857AE7C}.Release|iPhone.Build.0 = Release|iPhone
		{41AB416E-0A56-4A87-8AF8-FFBF7857AE7C}.Release|iPhone.Deploy.0 = Release|iPhone
		{41AB416E-0A56-4A87-8AF8-FFBF7857AE7C}.Release|iPhoneSimulator.ActiveCfg = Release|iPhoneSimulator
		{41AB416E-0A56-4A87-8AF8-FFBF7857AE7C}.Release|iPhoneSimulator.Build.0 = Release|iPhoneSimulator
		{41AB416E-0A56-4A87-8AF8-FFBF7857AE7C}.Release|iPhoneSimulator.Deploy.0 = Release|iPhoneSimulator
		{BD255E20-BE6E-4425-B210-D13EEBB2E4BB}.Debug|Any CPU.ActiveCfg = Debug|Any CPU
		{BD255E20-BE6E-4425-B210-D13EEBB2E4BB}.Debug|Any CPU.Build.0 = Debug|Any CPU
		{BD255E20-BE6E-4425-B210-D13EEBB2E4BB}.Debug|Any CPU.Deploy.0 = Debug|Any CPU
		{BD255E20-BE6E-4425-B210-D13EEBB2E4BB}.Debug|iPhone.ActiveCfg = Debug|Any CPU
		{BD255E20-BE6E-4425-B210-D13EEBB2E4BB}.Debug|iPhone.Build.0 = Debug|Any CPU
		{BD255E20-BE6E-4425-B210-D13EEBB2E4BB}.Debug|iPhone.Deploy.0 = Debug|Any CPU
		{BD255E20-BE6E-4425-B210-D13EEBB2E4BB}.Debug|iPhoneSimulator.ActiveCfg = Debug|Any CPU
		{BD255E20-BE6E-4425-B210-D13EEBB2E4BB}.Debug|iPhoneSimulator.Build.0 = Debug|Any CPU
		{BD255E20-BE6E-4425-B210-D13EEBB2E4BB}.Debug|iPhoneSimulator.Deploy.0 = Debug|Any CPU
		{BD255E20-BE6E-4425-B210-D13EEBB2E4BB}.Release|Any CPU.ActiveCfg = Release|Any CPU
		{BD255E20-BE6E-4425-B210-D13EEBB2E4BB}.Release|Any CPU.Build.0 = Release|Any CPU
		{BD255E20-BE6E-4425-B210-D13EEBB2E4BB}.Release|Any CPU.Deploy.0 = Release|Any CPU
		{BD255E20-BE6E-4425-B210-D13EEBB2E4BB}.Release|iPhone.ActiveCfg = Release|Any CPU
		{BD255E20-BE6E-4425-B210-D13EEBB2E4BB}.Release|iPhone.Build.0 = Release|Any CPU
		{BD255E20-BE6E-4425-B210-D13EEBB2E4BB}.Release|iPhone.Deploy.0 = Release|Any CPU
		{BD255E20-BE6E-4425-B210-D13EEBB2E4BB}.Release|iPhoneSimulator.ActiveCfg = Release|Any CPU
		{BD255E20-BE6E-4425-B210-D13EEBB2E4BB}.Release|iPhoneSimulator.Build.0 = Release|Any CPU
		{BD255E20-BE6E-4425-B210-D13EEBB2E4BB}.Release|iPhoneSimulator.Deploy.0 = Release|Any CPU
	EndGlobalSection
	GlobalSection(SolutionProperties) = preSolution
		HideSolutionNode = FALSE
	EndGlobalSection
	GlobalSection(ExtensibilityGlobals) = postSolution
		SolutionGuid = {1E4A7826-8DE3-4159-8706-EC8EDDF2F7AA}
	EndGlobalSection
EndGlobal
