
Microsoft Visual Studio Solution File, Format Version 12.00
# Visual Studio Version 17
VisualStudioVersion = 17.1.32407.343
MinimumVisualStudioVersion = 10.0.40219.1
Project("{FAE04EC0-301F-11D3-BF4B-00C04F79EFBC}") = "KazanS5Backend", "KazanS5Backend.csproj", "{701642BB-7750-4297-8EE8-A537E1FC2899}"
EndProject
Global
	GlobalSection(SolutionConfigurationPlatforms) = preSolution
		Debug|Any CPU = Debug|Any CPU
		Release|Any CPU = Release|Any CPU
	EndGlobalSection
	GlobalSection(ProjectConfigurationPlatforms) = postSolution
		{701642BB-7750-4297-8EE8-A537E1FC2899}.Debug|Any CPU.ActiveCfg = Debug|Any CPU
		{701642BB-7750-4297-8EE8-A537E1FC2899}.Debug|Any CPU.Build.0 = Debug|Any CPU
		{701642BB-7750-4297-8EE8-A537E1FC2899}.Release|Any CPU.ActiveCfg = Release|Any CPU
		{701642BB-7750-4297-8EE8-A537E1FC2899}.Release|Any CPU.Build.0 = Release|Any CPU
	EndGlobalSection
	GlobalSection(SolutionProperties) = preSolution
		HideSolutionNode = FALSE
	EndGlobalSection
	GlobalSection(ExtensibilityGlobals) = postSolution
		SolutionGuid = {B3DB9292-16B4-4EAA-8CB9-6CB37483CB9A}
	EndGlobalSection
EndGlobal
