
Microsoft Visual Studio Solution File, Format Version 12.00
# Visual Studio Version 16
VisualStudioVersion = 16.0.29926.136
MinimumVisualStudioVersion = 10.0.40219.1
Project("{FAE04EC0-301F-11D3-BF4B-00C04F79EFBC}") = "TP-QR-Session3-7-6-2020", "TP-QR-Session3-7-6-2020\TP-QR-Session3-7-6-2020.csproj", "{94334B8B-2A79-4679-B074-328FFF05DEF9}"
EndProject
Global
	GlobalSection(SolutionConfigurationPlatforms) = preSolution
		Debug|Any CPU = Debug|Any CPU
		Release|Any CPU = Release|Any CPU
	EndGlobalSection
	GlobalSection(ProjectConfigurationPlatforms) = postSolution
		{94334B8B-2A79-4679-B074-328FFF05DEF9}.Debug|Any CPU.ActiveCfg = Debug|Any CPU
		{94334B8B-2A79-4679-B074-328FFF05DEF9}.Debug|Any CPU.Build.0 = Debug|Any CPU
		{94334B8B-2A79-4679-B074-328FFF05DEF9}.Debug|Any CPU.Deploy.0 = Debug|Any CPU
		{94334B8B-2A79-4679-B074-328FFF05DEF9}.Release|Any CPU.ActiveCfg = Release|Any CPU
		{94334B8B-2A79-4679-B074-328FFF05DEF9}.Release|Any CPU.Build.0 = Release|Any CPU
		{94334B8B-2A79-4679-B074-328FFF05DEF9}.Release|Any CPU.Deploy.0 = Release|Any CPU
	EndGlobalSection
	GlobalSection(SolutionProperties) = preSolution
		HideSolutionNode = FALSE
	EndGlobalSection
	GlobalSection(ExtensibilityGlobals) = postSolution
		SolutionGuid = {984DD57C-DCA7-41E7-9AFC-9EE7507315A2}
	EndGlobalSection
EndGlobal
