
Microsoft Visual Studio Solution File, Format Version 12.00
# Visual Studio Version 16
VisualStudioVersion = 16.0.30503.244
MinimumVisualStudioVersion = 10.0.40219.1
Project("{FAE04EC0-301F-11D3-BF4B-00C04F79EFBC}") = "Kazan-P1-9-14-2020", "Kazan-P1-9-14-2020.csproj", "{29EEC288-F175-49B8-8FA5-69D7F7068485}"
EndProject
Project("{FAE04EC0-301F-11D3-BF4B-00C04F79EFBC}") = "WebAPI", "..\WebAPI\WebAPI.csproj", "{51177030-4CA0-4BAB-B313-331CC74334D8}"
EndProject
Global
	GlobalSection(SolutionConfigurationPlatforms) = preSolution
		Debug|Any CPU = Debug|Any CPU
		Release|Any CPU = Release|Any CPU
	EndGlobalSection
	GlobalSection(ProjectConfigurationPlatforms) = postSolution
		{29EEC288-F175-49B8-8FA5-69D7F7068485}.Debug|Any CPU.ActiveCfg = Debug|Any CPU
		{29EEC288-F175-49B8-8FA5-69D7F7068485}.Debug|Any CPU.Build.0 = Debug|Any CPU
		{29EEC288-F175-49B8-8FA5-69D7F7068485}.Debug|Any CPU.Deploy.0 = Debug|Any CPU
		{29EEC288-F175-49B8-8FA5-69D7F7068485}.Release|Any CPU.ActiveCfg = Release|Any CPU
		{29EEC288-F175-49B8-8FA5-69D7F7068485}.Release|Any CPU.Build.0 = Release|Any CPU
		{29EEC288-F175-49B8-8FA5-69D7F7068485}.Release|Any CPU.Deploy.0 = Release|Any CPU
		{51177030-4CA0-4BAB-B313-331CC74334D8}.Debug|Any CPU.ActiveCfg = Debug|Any CPU
		{51177030-4CA0-4BAB-B313-331CC74334D8}.Debug|Any CPU.Build.0 = Debug|Any CPU
		{51177030-4CA0-4BAB-B313-331CC74334D8}.Release|Any CPU.ActiveCfg = Release|Any CPU
		{51177030-4CA0-4BAB-B313-331CC74334D8}.Release|Any CPU.Build.0 = Release|Any CPU
	EndGlobalSection
	GlobalSection(SolutionProperties) = preSolution
		HideSolutionNode = FALSE
	EndGlobalSection
	GlobalSection(ExtensibilityGlobals) = postSolution
		SolutionGuid = {48C014AC-E308-424A-B238-A21A2E3655B3}
	EndGlobalSection
EndGlobal
