
Microsoft Visual Studio Solution File, Format Version 12.00
# Visual Studio Version 16
VisualStudioVersion = 16.0.30413.136
MinimumVisualStudioVersion = 10.0.40219.1
Project("{FAE04EC0-301F-11D3-BF4B-00C04F79EFBC}") = "ASEAN_2018_Paper1_27-10-2020", "ASEAN_2018_Paper1_27-10-2020.csproj", "{5DF07EF6-CC24-496F-B63D-75E7D9442AEF}"
EndProject
Global
	GlobalSection(SolutionConfigurationPlatforms) = preSolution
		Debug|Any CPU = Debug|Any CPU
		Release|Any CPU = Release|Any CPU
	EndGlobalSection
	GlobalSection(ProjectConfigurationPlatforms) = postSolution
		{5DF07EF6-CC24-496F-B63D-75E7D9442AEF}.Debug|Any CPU.ActiveCfg = Debug|Any CPU
		{5DF07EF6-CC24-496F-B63D-75E7D9442AEF}.Debug|Any CPU.Build.0 = Debug|Any CPU
		{5DF07EF6-CC24-496F-B63D-75E7D9442AEF}.Release|Any CPU.ActiveCfg = Release|Any CPU
		{5DF07EF6-CC24-496F-B63D-75E7D9442AEF}.Release|Any CPU.Build.0 = Release|Any CPU
	EndGlobalSection
	GlobalSection(SolutionProperties) = preSolution
		HideSolutionNode = FALSE
	EndGlobalSection
	GlobalSection(ExtensibilityGlobals) = postSolution
		SolutionGuid = {F570C89B-DDD0-44D5-98C2-253CAC56FE7C}
	EndGlobalSection
EndGlobal
