
Microsoft Visual Studio Solution File, Format Version 12.00
# Visual Studio Version 16
VisualStudioVersion = 16.0.30413.136
MinimumVisualStudioVersion = 10.0.40219.1
Project("{FAE04EC0-301F-11D3-BF4B-00C04F79EFBC}") = "TPQR-Session4-9-8-2020", "TPQR-Session4-9-8-2020.csproj", "{AD3B3332-8515-4C2E-BB93-3FA1B7A9766E}"
EndProject
Global
	GlobalSection(SolutionConfigurationPlatforms) = preSolution
		Debug|Any CPU = Debug|Any CPU
		Release|Any CPU = Release|Any CPU
	EndGlobalSection
	GlobalSection(ProjectConfigurationPlatforms) = postSolution
		{AD3B3332-8515-4C2E-BB93-3FA1B7A9766E}.Debug|Any CPU.ActiveCfg = Debug|Any CPU
		{AD3B3332-8515-4C2E-BB93-3FA1B7A9766E}.Debug|Any CPU.Build.0 = Debug|Any CPU
		{AD3B3332-8515-4C2E-BB93-3FA1B7A9766E}.Release|Any CPU.ActiveCfg = Release|Any CPU
		{AD3B3332-8515-4C2E-BB93-3FA1B7A9766E}.Release|Any CPU.Build.0 = Release|Any CPU
	EndGlobalSection
	GlobalSection(SolutionProperties) = preSolution
		HideSolutionNode = FALSE
	EndGlobalSection
	GlobalSection(ExtensibilityGlobals) = postSolution
		SolutionGuid = {87343E2A-8609-4543-AD6E-8DA3840571DB}
	EndGlobalSection
EndGlobal
